
Microsoft Visual Studio Solution File, Format Version 12.00
# Visual Studio 15
VisualStudioVersion = 15.0.26430.12
MinimumVisualStudioVersion = 10.0.40219.1
Project("{9A19103F-16F7-4668-BE54-9A1E7A4F7556}") = "WebCaptureBasic", "WebCaptureBasic\WebCaptureBasic.csproj", "{75398BDC-1271-4297-8559-69A8EF52BD93}"
EndProject
Project("{9A19103F-16F7-4668-BE54-9A1E7A4F7556}") = "WebDocumentViewerBasic", "WebDocumentViewerBasic\WebDocumentViewerBasic.csproj", "{B259BA00-7551-4634-AB89-04AD70DE222E}"
EndProject
Project("{FAE04EC0-301F-11D3-BF4B-00C04F79EFBC}") = "WebDocumentViewerCors", "WebDocumentViewerCors\WebDocumentViewerCors.csproj", "{D0ABF182-CF18-4A41-85F8-95CD9AE3F7B8}"
EndProject
Global
	GlobalSection(SolutionConfigurationPlatforms) = preSolution
		Debug|Any CPU = Debug|Any CPU
		Release|Any CPU = Release|Any CPU
	EndGlobalSection
	GlobalSection(ProjectConfigurationPlatforms) = postSolution
		{75398BDC-1271-4297-8559-69A8EF52BD93}.Debug|Any CPU.ActiveCfg = Debug|Any CPU
		{75398BDC-1271-4297-8559-69A8EF52BD93}.Debug|Any CPU.Build.0 = Debug|Any CPU
		{75398BDC-1271-4297-8559-69A8EF52BD93}.Release|Any CPU.ActiveCfg = Release|Any CPU
		{75398BDC-1271-4297-8559-69A8EF52BD93}.Release|Any CPU.Build.0 = Release|Any CPU
		{B259BA00-7551-4634-AB89-04AD70DE222E}.Debug|Any CPU.ActiveCfg = Debug|Any CPU
		{B259BA00-7551-4634-AB89-04AD70DE222E}.Debug|Any CPU.Build.0 = Debug|Any CPU
		{B259BA00-7551-4634-AB89-04AD70DE222E}.Release|Any CPU.ActiveCfg = Release|Any CPU
		{B259BA00-7551-4634-AB89-04AD70DE222E}.Release|Any CPU.Build.0 = Release|Any CPU
		{D0ABF182-CF18-4A41-85F8-95CD9AE3F7B8}.Debug|Any CPU.ActiveCfg = Debug|Any CPU
		{D0ABF182-CF18-4A41-85F8-95CD9AE3F7B8}.Debug|Any CPU.Build.0 = Debug|Any CPU
		{D0ABF182-CF18-4A41-85F8-95CD9AE3F7B8}.Release|Any CPU.ActiveCfg = Release|Any CPU
		{D0ABF182-CF18-4A41-85F8-95CD9AE3F7B8}.Release|Any CPU.Build.0 = Release|Any CPU
	EndGlobalSection
	GlobalSection(SolutionProperties) = preSolution
		HideSolutionNode = FALSE
	EndGlobalSection
	GlobalSection(TeamFoundationVersionControl) = preSolution
		SccNumberOfProjects = 4
		SccEnterpriseProvider = {4CA58AB2-18FA-4F8D-95D4-32DDF27D184C}
		SccTeamFoundationServer = http://tfs.kofax.com:8080/tfs/products
		SccLocalPath0 = .
		SccProjectUniqueName1 = WebCaptureBasic\\WebCaptureBasic.csproj
		SccProjectName1 = WebCaptureBasic
		SccLocalPath1 = WebCaptureBasic
		SccProjectUniqueName2 = WebDocumentViewerBasic\\WebDocumentViewerBasic.csproj
		SccProjectName2 = WebDocumentViewerBasic
		SccLocalPath2 = WebDocumentViewerBasic
		SccProjectUniqueName3 = WebDocumentViewerCors\\WebDocumentViewerCors.csproj
		SccProjectName3 = WebDocumentViewerCors
		SccLocalPath3 = WebDocumentViewerCors
	EndGlobalSection
EndGlobal
